
Microsoft Visual Studio Solution File, Format Version 12.00
# Visual Studio Version 17
VisualStudioVersion = 17.5.33414.496
MinimumVisualStudioVersion = 10.0.40219.1
Project("{9A19103F-16F7-4668-BE54-9A1E7A4F7556}") = "HomeKeyProperty.API", "HomeKeyPropertyService\HomeKeyProperty.API.csproj", "{2D498F1F-C2B5-4A48-98AF-E4FDDEF8265C}"
EndProject
Project("{FAE04EC0-301F-11D3-BF4B-00C04F79EFBC}") = "HomeKeyProperty.DataAccessLayer", "HomeKeyProperty.DataAccessLayer\HomeKeyProperty.DataAccessLayer.csproj", "{4A47B2F4-7B16-4A62-A6D0-DFC211127BA1}"
EndProject
Global
	GlobalSection(SolutionConfigurationPlatforms) = preSolution
		Debug|Any CPU = Debug|Any CPU
		Release|Any CPU = Release|Any CPU
	EndGlobalSection
	GlobalSection(ProjectConfigurationPlatforms) = postSolution
		{2D498F1F-C2B5-4A48-98AF-E4FDDEF8265C}.Debug|Any CPU.ActiveCfg = Debug|Any CPU
		{2D498F1F-C2B5-4A48-98AF-E4FDDEF8265C}.Debug|Any CPU.Build.0 = Debug|Any CPU
		{2D498F1F-C2B5-4A48-98AF-E4FDDEF8265C}.Release|Any CPU.ActiveCfg = Release|Any CPU
		{2D498F1F-C2B5-4A48-98AF-E4FDDEF8265C}.Release|Any CPU.Build.0 = Release|Any CPU
		{4A47B2F4-7B16-4A62-A6D0-DFC211127BA1}.Debug|Any CPU.ActiveCfg = Debug|Any CPU
		{4A47B2F4-7B16-4A62-A6D0-DFC211127BA1}.Debug|Any CPU.Build.0 = Debug|Any CPU
		{4A47B2F4-7B16-4A62-A6D0-DFC211127BA1}.Release|Any CPU.ActiveCfg = Release|Any CPU
		{4A47B2F4-7B16-4A62-A6D0-DFC211127BA1}.Release|Any CPU.Build.0 = Release|Any CPU
	EndGlobalSection
	GlobalSection(SolutionProperties) = preSolution
		HideSolutionNode = FALSE
	EndGlobalSection
	GlobalSection(ExtensibilityGlobals) = postSolution
		SolutionGuid = {8EA67656-57A1-434E-8980-40962A916B87}
	EndGlobalSection
EndGlobal
